// !$*UTF8*$!
{
	archiveVersion = 1;
	classes = {
	};
	objectVersion = 56;
	objects = {

/* Begin PBXBuildFile section */
		B21C9A9E297168B800B806A0 /* BaseListController.swift in Sources */ = {isa = PBXBuildFile; fileRef = B21C9A9D297168B800B806A0 /* BaseListController.swift */; };
		B21C9AA0297181B900B806A0 /* SearchResult.swift in Sources */ = {isa = PBXBuildFile; fileRef = B21C9A9F297181B900B806A0 /* SearchResult.swift */; };
		B21C9AA429718FA500B806A0 /* SearchResultCell.swift in Sources */ = {isa = PBXBuildFile; fileRef = B21C9AA329718FA500B806A0 /* SearchResultCell.swift */; };
		B21C9AA82971982D00B806A0 /* VerticalStackView.swift in Sources */ = {isa = PBXBuildFile; fileRef = B21C9AA72971982D00B806A0 /* VerticalStackView.swift */; };
		B21C9AAA2971991F00B806A0 /* LayoutHelper.swift in Sources */ = {isa = PBXBuildFile; fileRef = B21C9AA92971991F00B806A0 /* LayoutHelper.swift */; };
		B21C9AFB2972BC9A00B806A0 /* Extensions.swift in Sources */ = {isa = PBXBuildFile; fileRef = B21C9AFA2972BC9A00B806A0 /* Extensions.swift */; };
		B244E0582970385700690A48 /* AppDelegate.swift in Sources */ = {isa = PBXBuildFile; fileRef = B244E0572970385700690A48 /* AppDelegate.swift */; };
		B244E05F2970385700690A48 /* Main.storyboard in Resources */ = {isa = PBXBuildFile; fileRef = B244E05D2970385700690A48 /* Main.storyboard */; };
		B244E0612970385A00690A48 /* Assets.xcassets in Resources */ = {isa = PBXBuildFile; fileRef = B244E0602970385A00690A48 /* Assets.xcassets */; };
		B244E0642970385A00690A48 /* LaunchScreen.storyboard in Resources */ = {isa = PBXBuildFile; fileRef = B244E0622970385A00690A48 /* LaunchScreen.storyboard */; };
		B244E06C2970393700690A48 /* BaseTabController.swift in Sources */ = {isa = PBXBuildFile; fileRef = B244E06B2970393700690A48 /* BaseTabController.swift */; };
		B244E0902970438000690A48 /* MovieSearchController.swift in Sources */ = {isa = PBXBuildFile; fileRef = B244E08F2970438000690A48 /* MovieSearchController.swift */; };
		B25F45A0297ED8FE00223E10 /* FullIInfoMovieResult.swift in Sources */ = {isa = PBXBuildFile; fileRef = B25F459F297ED8FE00223E10 /* FullIInfoMovieResult.swift */; };
		B287C4B329755814007A727F /* Service.swift in Sources */ = {isa = PBXBuildFile; fileRef = B287C4B229755814007A727F /* Service.swift */; };
		B2B51FBA297A90BC0037B82F /* FullInfoMovieCell.swift in Sources */ = {isa = PBXBuildFile; fileRef = B2B51FB9297A90BC0037B82F /* FullInfoMovieCell.swift */; };
		B2B51FBC297A952B0037B82F /* FullInfoMovieController.swift in Sources */ = {isa = PBXBuildFile; fileRef = B2B51FBB297A952B0037B82F /* FullInfoMovieController.swift */; };
/* End PBXBuildFile section */

/* Begin PBXFileReference section */
		B21C9A9D297168B800B806A0 /* BaseListController.swift */ = {isa = PBXFileReference; lastKnownFileType = sourcecode.swift; path = BaseListController.swift; sourceTree = "<group>"; };
		B21C9A9F297181B900B806A0 /* SearchResult.swift */ = {isa = PBXFileReference; lastKnownFileType = sourcecode.swift; path = SearchResult.swift; sourceTree = "<group>"; };
		B21C9AA329718FA500B806A0 /* SearchResultCell.swift */ = {isa = PBXFileReference; lastKnownFileType = sourcecode.swift; path = SearchResultCell.swift; sourceTree = "<group>"; };
		B21C9AA72971982D00B806A0 /* VerticalStackView.swift */ = {isa = PBXFileReference; lastKnownFileType = sourcecode.swift; path = VerticalStackView.swift; sourceTree = "<group>"; };
		B21C9AA92971991F00B806A0 /* LayoutHelper.swift */ = {isa = PBXFileReference; lastKnownFileType = sourcecode.swift; path = LayoutHelper.swift; sourceTree = "<group>"; };
		B21C9AFA2972BC9A00B806A0 /* Extensions.swift */ = {isa = PBXFileReference; lastKnownFileType = sourcecode.swift; path = Extensions.swift; sourceTree = "<group>"; };
		B244E0542970385700690A48 /* MovieApp.app */ = {isa = PBXFileReference; explicitFileType = wrapper.application; includeInIndex = 0; path = MovieApp.app; sourceTree = BUILT_PRODUCTS_DIR; };
		B244E0572970385700690A48 /* AppDelegate.swift */ = {isa = PBXFileReference; lastKnownFileType = sourcecode.swift; path = AppDelegate.swift; sourceTree = "<group>"; };
		B244E05E2970385700690A48 /* Base */ = {isa = PBXFileReference; lastKnownFileType = file.storyboard; name = Base; path = Base.lproj/Main.storyboard; sourceTree = "<group>"; };
		B244E0602970385A00690A48 /* Assets.xcassets */ = {isa = PBXFileReference; lastKnownFileType = folder.assetcatalog; path = Assets.xcassets; sourceTree = "<group>"; };
		B244E0632970385A00690A48 /* Base */ = {isa = PBXFileReference; lastKnownFileType = file.storyboard; name = Base; path = Base.lproj/LaunchScreen.storyboard; sourceTree = "<group>"; };
		B244E0652970385A00690A48 /* Info.plist */ = {isa = PBXFileReference; lastKnownFileType = text.plist.xml; path = Info.plist; sourceTree = "<group>"; };
		B244E06B2970393700690A48 /* BaseTabController.swift */ = {isa = PBXFileReference; lastKnownFileType = sourcecode.swift; path = BaseTabController.swift; sourceTree = "<group>"; };
		B244E08F2970438000690A48 /* MovieSearchController.swift */ = {isa = PBXFileReference; lastKnownFileType = sourcecode.swift; path = MovieSearchController.swift; sourceTree = "<group>"; };
		B25F459F297ED8FE00223E10 /* FullIInfoMovieResult.swift */ = {isa = PBXFileReference; lastKnownFileType = sourcecode.swift; path = FullIInfoMovieResult.swift; sourceTree = "<group>"; };
		B287C4B229755814007A727F /* Service.swift */ = {isa = PBXFileReference; lastKnownFileType = sourcecode.swift; path = Service.swift; sourceTree = "<group>"; };
		B2B51FB9297A90BC0037B82F /* FullInfoMovieCell.swift */ = {isa = PBXFileReference; lastKnownFileType = sourcecode.swift; path = FullInfoMovieCell.swift; sourceTree = "<group>"; };
		B2B51FBB297A952B0037B82F /* FullInfoMovieController.swift */ = {isa = PBXFileReference; lastKnownFileType = sourcecode.swift; path = FullInfoMovieController.swift; sourceTree = "<group>"; };
/* End PBXFileReference section */

/* Begin PBXFrameworksBuildPhase section */
		B244E0512970385700690A48 /* Frameworks */ = {
			isa = PBXFrameworksBuildPhase;
			buildActionMask = 2147483647;
			files = (
			);
			runOnlyForDeploymentPostprocessing = 0;
		};
/* End PBXFrameworksBuildPhase section */

/* Begin PBXGroup section */
		B21C9AA129718CAC00B806A0 /* Model */ = {
			isa = PBXGroup;
			children = (
				B21C9A9F297181B900B806A0 /* SearchResult.swift */,
				B25F459F297ED8FE00223E10 /* FullIInfoMovieResult.swift */,
			);
			path = Model;
			sourceTree = "<group>";
		};
		B21C9AA229718CBA00B806A0 /* Controllers */ = {
			isa = PBXGroup;
			children = (
				B287C4B5297561E1007A727F /* MovieSearchController */,
				B244E06B2970393700690A48 /* BaseTabController.swift */,
				B21C9A9D297168B800B806A0 /* BaseListController.swift */,
			);
			path = Controllers;
			sourceTree = "<group>";
		};
		B21C9AA52971903F00B806A0 /* View */ = {
			isa = PBXGroup;
			children = (
				B21C9AA329718FA500B806A0 /* SearchResultCell.swift */,
				B2B51FB9297A90BC0037B82F /* FullInfoMovieCell.swift */,
			);
			path = View;
			sourceTree = "<group>";
		};
		B21C9AA62971980C00B806A0 /* Helpers */ = {
			isa = PBXGroup;
			children = (
				B21C9AA72971982D00B806A0 /* VerticalStackView.swift */,
				B21C9AA92971991F00B806A0 /* LayoutHelper.swift */,
				B21C9AFA2972BC9A00B806A0 /* Extensions.swift */,
			);
			path = Helpers;
			sourceTree = "<group>";
		};
		B2229615297737B700AB2B79 /* App */ = {
			isa = PBXGroup;
			children = (
				B244E0572970385700690A48 /* AppDelegate.swift */,
			);
			path = App;
			sourceTree = "<group>";
		};
		B244E04B2970385700690A48 = {
			isa = PBXGroup;
			children = (
				B244E0562970385700690A48 /* MovieApp */,
				B244E0552970385700690A48 /* Products */,
			);
			sourceTree = "<group>";
		};
		B244E0552970385700690A48 /* Products */ = {
			isa = PBXGroup;
			children = (
				B244E0542970385700690A48 /* MovieApp.app */,
			);
			name = Products;
			sourceTree = "<group>";
		};
		B244E0562970385700690A48 /* MovieApp */ = {
			isa = PBXGroup;
			children = (
				B2229615297737B700AB2B79 /* App */,
				B21C9AA62971980C00B806A0 /* Helpers */,
				B287C4B429755819007A727F /* Service */,
				B21C9AA129718CAC00B806A0 /* Model */,
				B21C9AA52971903F00B806A0 /* View */,
				B21C9AA229718CBA00B806A0 /* Controllers */,
				B244E05D2970385700690A48 /* Main.storyboard */,
				B244E0602970385A00690A48 /* Assets.xcassets */,
				B244E0622970385A00690A48 /* LaunchScreen.storyboard */,
				B244E0652970385A00690A48 /* Info.plist */,
			);
			path = MovieApp;
			sourceTree = "<group>";
		};
		B287C4B429755819007A727F /* Service */ = {
			isa = PBXGroup;
			children = (
				B287C4B229755814007A727F /* Service.swift */,
			);
			path = Service;
			sourceTree = "<group>";
		};
		B287C4B5297561E1007A727F /* MovieSearchController */ = {
			isa = PBXGroup;
			children = (
				B244E08F2970438000690A48 /* MovieSearchController.swift */,
				B2B51FBB297A952B0037B82F /* FullInfoMovieController.swift */,
			);
			path = MovieSearchController;
			sourceTree = "<group>";
		};
/* End PBXGroup section */

/* Begin PBXNativeTarget section */
		B244E0532970385700690A48 /* MovieApp */ = {
			isa = PBXNativeTarget;
			buildConfigurationList = B244E0682970385A00690A48 /* Build configuration list for PBXNativeTarget "MovieApp" */;
			buildPhases = (
				B244E0502970385700690A48 /* Sources */,
				B244E0512970385700690A48 /* Frameworks */,
				B244E0522970385700690A48 /* Resources */,
			);
			buildRules = (
			);
			dependencies = (
			);
			name = MovieApp;
			productName = MovieApp;
			productReference = B244E0542970385700690A48 /* MovieApp.app */;
			productType = "com.apple.product-type.application";
		};
/* End PBXNativeTarget section */

/* Begin PBXProject section */
		B244E04C2970385700690A48 /* Project object */ = {
			isa = PBXProject;
			attributes = {
				BuildIndependentTargetsInParallel = 1;
				LastSwiftUpdateCheck = 1400;
				LastUpgradeCheck = 1400;
				TargetAttributes = {
					B244E0532970385700690A48 = {
						CreatedOnToolsVersion = 14.0.1;
					};
				};
			};
			buildConfigurationList = B244E04F2970385700690A48 /* Build configuration list for PBXProject "MovieApp" */;
			compatibilityVersion = "Xcode 14.0";
			developmentRegion = en;
			hasScannedForEncodings = 0;
			knownRegions = (
				en,
				Base,
			);
			mainGroup = B244E04B2970385700690A48;
			productRefGroup = B244E0552970385700690A48 /* Products */;
			projectDirPath = "";
			projectRoot = "";
			targets = (
				B244E0532970385700690A48 /* MovieApp */,
			);
		};
/* End PBXProject section */

/* Begin PBXResourcesBuildPhase section */
		B244E0522970385700690A48 /* Resources */ = {
			isa = PBXResourcesBuildPhase;
			buildActionMask = 2147483647;
			files = (
				B244E0642970385A00690A48 /* LaunchScreen.storyboard in Resources */,
				B244E0612970385A00690A48 /* Assets.xcassets in Resources */,
				B244E05F2970385700690A48 /* Main.storyboard in Resources */,
			);
			runOnlyForDeploymentPostprocessing = 0;
		};
/* End PBXResourcesBuildPhase section */

/* Begin PBXSourcesBuildPhase section */
		B244E0502970385700690A48 /* Sources */ = {
			isa = PBXSourcesBuildPhase;
			buildActionMask = 2147483647;
			files = (
				B21C9A9E297168B800B806A0 /* BaseListController.swift in Sources */,
				B21C9AFB2972BC9A00B806A0 /* Extensions.swift in Sources */,
				B244E0902970438000690A48 /* MovieSearchController.swift in Sources */,
				B244E06C2970393700690A48 /* BaseTabController.swift in Sources */,
				B21C9AAA2971991F00B806A0 /* LayoutHelper.swift in Sources */,
				B21C9AA0297181B900B806A0 /* SearchResult.swift in Sources */,
				B21C9AA429718FA500B806A0 /* SearchResultCell.swift in Sources */,
				B25F45A0297ED8FE00223E10 /* FullIInfoMovieResult.swift in Sources */,
				B287C4B329755814007A727F /* Service.swift in Sources */,
				B244E0582970385700690A48 /* AppDelegate.swift in Sources */,
				B21C9AA82971982D00B806A0 /* VerticalStackView.swift in Sources */,
				B2B51FBA297A90BC0037B82F /* FullInfoMovieCell.swift in Sources */,
				B2B51FBC297A952B0037B82F /* FullInfoMovieController.swift in Sources */,
			);
			runOnlyForDeploymentPostprocessing = 0;
		};
/* End PBXSourcesBuildPhase section */

/* Begin PBXVariantGroup section */
		B244E05D2970385700690A48 /* Main.storyboard */ = {
			isa = PBXVariantGroup;
			children = (
				B244E05E2970385700690A48 /* Base */,
			);
			name = Main.storyboard;
			sourceTree = "<group>";
		};
		B244E0622970385A00690A48 /* LaunchScreen.storyboard */ = {
			isa = PBXVariantGroup;
			children = (
				B244E0632970385A00690A48 /* Base */,
			);
			name = LaunchScreen.storyboard;
			sourceTree = "<group>";
		};
/* End PBXVariantGroup section */

/* Begin XCBuildConfiguration section */
		B244E0662970385A00690A48 /* Debug */ = {
			isa = XCBuildConfiguration;
			buildSettings = {
				ALWAYS_SEARCH_USER_PATHS = NO;
				CLANG_ANALYZER_NONNULL = YES;
				CLANG_ANALYZER_NUMBER_OBJECT_CONVERSION = YES_AGGRESSIVE;
				CLANG_CXX_LANGUAGE_STANDARD = "gnu++20";
				CLANG_ENABLE_MODULES = YES;
				CLANG_ENABLE_OBJC_ARC = YES;
				CLANG_ENABLE_OBJC_WEAK = YES;
				CLANG_WARN_BLOCK_CAPTURE_AUTORELEASING = YES;
				CLANG_WARN_BOOL_CONVERSION = YES;
				CLANG_WARN_COMMA = YES;
				CLANG_WARN_CONSTANT_CONVERSION = YES;
				CLANG_WARN_DEPRECATED_OBJC_IMPLEMENTATIONS = YES;
				CLANG_WARN_DIRECT_OBJC_ISA_USAGE = YES_ERROR;
				CLANG_WARN_DOCUMENTATION_COMMENTS = YES;
				CLANG_WARN_EMPTY_BODY = YES;
				CLANG_WARN_ENUM_CONVERSION = YES;
				CLANG_WARN_INFINITE_RECURSION = YES;
				CLANG_WARN_INT_CONVERSION = YES;
				CLANG_WARN_NON_LITERAL_NULL_CONVERSION = YES;
				CLANG_WARN_OBJC_IMPLICIT_RETAIN_SELF = YES;
				CLANG_WARN_OBJC_LITERAL_CONVERSION = YES;
				CLANG_WARN_OBJC_ROOT_CLASS = YES_ERROR;
				CLANG_WARN_QUOTED_INCLUDE_IN_FRAMEWORK_HEADER = YES;
				CLANG_WARN_RANGE_LOOP_ANALYSIS = YES;
				CLANG_WARN_STRICT_PROTOTYPES = YES;
				CLANG_WARN_SUSPICIOUS_MOVE = YES;
				CLANG_WARN_UNGUARDED_AVAILABILITY = YES_AGGRESSIVE;
				CLANG_WARN_UNREACHABLE_CODE = YES;
				CLANG_WARN__DUPLICATE_METHOD_MATCH = YES;
				COPY_PHASE_STRIP = NO;
				DEBUG_INFORMATION_FORMAT = dwarf;
				ENABLE_STRICT_OBJC_MSGSEND = YES;
				ENABLE_TESTABILITY = YES;
				GCC_C_LANGUAGE_STANDARD = gnu11;
				GCC_DYNAMIC_NO_PIC = NO;
				GCC_NO_COMMON_BLOCKS = YES;
				GCC_OPTIMIZATION_LEVEL = 0;
				GCC_PREPROCESSOR_DEFINITIONS = (
					"DEBUG=1",
					"$(inherited)",
				);
				GCC_WARN_64_TO_32_BIT_CONVERSION = YES;
				GCC_WARN_ABOUT_RETURN_TYPE = YES_ERROR;
				GCC_WARN_UNDECLARED_SELECTOR = YES;
				GCC_WARN_UNINITIALIZED_AUTOS = YES_AGGRESSIVE;
				GCC_WARN_UNUSED_FUNCTION = YES;
				GCC_WARN_UNUSED_VARIABLE = YES;
				IPHONEOS_DEPLOYMENT_TARGET = 16.0;
				MTL_ENABLE_DEBUG_INFO = INCLUDE_SOURCE;
				MTL_FAST_MATH = YES;
				ONLY_ACTIVE_ARCH = YES;
				SDKROOT = iphoneos;
				SWIFT_ACTIVE_COMPILATION_CONDITIONS = DEBUG;
				SWIFT_OPTIMIZATION_LEVEL = "-Onone";
			};
			name = Debug;
		};
		B244E0672970385A00690A48 /* Release */ = {
			isa = XCBuildConfiguration;
			buildSettings = {
				ALWAYS_SEARCH_USER_PATHS = NO;
				CLANG_ANALYZER_NONNULL = YES;
				CLANG_ANALYZER_NUMBER_OBJECT_CONVERSION = YES_AGGRESSIVE;
				CLANG_CXX_LANGUAGE_STANDARD = "gnu++20";
				CLANG_ENABLE_MODULES = YES;
				CLANG_ENABLE_OBJC_ARC = YES;
				CLANG_ENABLE_OBJC_WEAK = YES;
				CLANG_WARN_BLOCK_CAPTURE_AUTORELEASING = YES;
				CLANG_WARN_BOOL_CONVERSION = YES;
				CLANG_WARN_COMMA = YES;
				CLANG_WARN_CONSTANT_CONVERSION = YES;
				CLANG_WARN_DEPRECATED_OBJC_IMPLEMENTATIONS = YES;
				CLANG_WARN_DIRECT_OBJC_ISA_USAGE = YES_ERROR;
				CLANG_WARN_DOCUMENTATION_COMMENTS = YES;
				CLANG_WARN_EMPTY_BODY = YES;
				CLANG_WARN_ENUM_CONVERSION = YES;
				CLANG_WARN_INFINITE_RECURSION = YES;
				CLANG_WARN_INT_CONVERSION = YES;
				CLANG_WARN_NON_LITERAL_NULL_CONVERSION = YES;
				CLANG_WARN_OBJC_IMPLICIT_RETAIN_SELF = YES;
				CLANG_WARN_OBJC_LITERAL_CONVERSION = YES;
				CLANG_WARN_OBJC_ROOT_CLASS = YES_ERROR;
				CLANG_WARN_QUOTED_INCLUDE_IN_FRAMEWORK_HEADER = YES;
				CLANG_WARN_RANGE_LOOP_ANALYSIS = YES;
				CLANG_WARN_STRICT_PROTOTYPES = YES;
				CLANG_WARN_SUSPICIOUS_MOVE = YES;
				CLANG_WARN_UNGUARDED_AVAILABILITY = YES_AGGRESSIVE;
				CLANG_WARN_UNREACHABLE_CODE = YES;
				CLANG_WARN__DUPLICATE_METHOD_MATCH = YES;
				COPY_PHASE_STRIP = NO;
				DEBUG_INFORMATION_FORMAT = "dwarf-with-dsym";
				ENABLE_NS_ASSERTIONS = NO;
				ENABLE_STRICT_OBJC_MSGSEND = YES;
				GCC_C_LANGUAGE_STANDARD = gnu11;
				GCC_NO_COMMON_BLOCKS = YES;
				GCC_WARN_64_TO_32_BIT_CONVERSION = YES;
				GCC_WARN_ABOUT_RETURN_TYPE = YES_ERROR;
				GCC_WARN_UNDECLARED_SELECTOR = YES;
				GCC_WARN_UNINITIALIZED_AUTOS = YES_AGGRESSIVE;
				GCC_WARN_UNUSED_FUNCTION = YES;
				GCC_WARN_UNUSED_VARIABLE = YES;
				IPHONEOS_DEPLOYMENT_TARGET = 16.0;
				MTL_ENABLE_DEBUG_INFO = NO;
				MTL_FAST_MATH = YES;
				SDKROOT = iphoneos;
				SWIFT_COMPILATION_MODE = wholemodule;
				SWIFT_OPTIMIZATION_LEVEL = "-O";
				VALIDATE_PRODUCT = YES;
			};
			name = Release;
		};
		B244E0692970385A00690A48 /* Debug */ = {
			isa = XCBuildConfiguration;
			buildSettings = {
				ASSETCATALOG_COMPILER_APPICON_NAME = AppIcon;
				ASSETCATALOG_COMPILER_GLOBAL_ACCENT_COLOR_NAME = AccentColor;
				CODE_SIGN_STYLE = Automatic;
				CURRENT_PROJECT_VERSION = 1;
				DEVELOPMENT_TEAM = 9Q4SAV9L28;
				GENERATE_INFOPLIST_FILE = YES;
				INFOPLIST_FILE = MovieApp/Info.plist;
				INFOPLIST_KEY_UIApplicationSupportsIndirectInputEvents = YES;
				INFOPLIST_KEY_UILaunchStoryboardName = LaunchScreen;
				INFOPLIST_KEY_UIMainStoryboardFile = Main;
				INFOPLIST_KEY_UISupportedInterfaceOrientations_iPad = "UIInterfaceOrientationPortrait UIInterfaceOrientationPortraitUpsideDown UIInterfaceOrientationLandscapeLeft UIInterfaceOrientationLandscapeRight";
				INFOPLIST_KEY_UISupportedInterfaceOrientations_iPhone = "UIInterfaceOrientationPortrait UIInterfaceOrientationLandscapeLeft UIInterfaceOrientationLandscapeRight";
				LD_RUNPATH_SEARCH_PATHS = (
					"$(inherited)",
					"@executable_path/Frameworks",
				);
				MARKETING_VERSION = 1.0;
				PRODUCT_BUNDLE_IDENTIFIER = com.company.max.MovieApp;
				PRODUCT_NAME = "$(TARGET_NAME)";
				SWIFT_EMIT_LOC_STRINGS = YES;
				SWIFT_VERSION = 5.0;
				TARGETED_DEVICE_FAMILY = "1,2";
			};
			name = Debug;
		};
		B244E06A2970385A00690A48 /* Release */ = {
			isa = XCBuildConfiguration;
			buildSettings = {
				ASSETCATALOG_COMPILER_APPICON_NAME = AppIcon;
				ASSETCATALOG_COMPILER_GLOBAL_ACCENT_COLOR_NAME = AccentColor;
				CODE_SIGN_STYLE = Automatic;
				CURRENT_PROJECT_VERSION = 1;
				DEVELOPMENT_TEAM = 9Q4SAV9L28;
				GENERATE_INFOPLIST_FILE = YES;
				INFOPLIST_FILE = MovieApp/Info.plist;
				INFOPLIST_KEY_UIApplicationSupportsIndirectInputEvents = YES;
				INFOPLIST_KEY_UILaunchStoryboardName = LaunchScreen;
				INFOPLIST_KEY_UIMainStoryboardFile = Main;
				INFOPLIST_KEY_UISupportedInterfaceOrientations_iPad = "UIInterfaceOrientationPortrait UIInterfaceOrientationPortraitUpsideDown UIInterfaceOrientationLandscapeLeft UIInterfaceOrientationLandscapeRight";
				INFOPLIST_KEY_UISupportedInterfaceOrientations_iPhone = "UIInterfaceOrientationPortrait UIInterfaceOrientationLandscapeLeft UIInterfaceOrientationLandscapeRight";
				LD_RUNPATH_SEARCH_PATHS = (
					"$(inherited)",
					"@executable_path/Frameworks",
				);
				MARKETING_VERSION = 1.0;
				PRODUCT_BUNDLE_IDENTIFIER = com.company.max.MovieApp;
				PRODUCT_NAME = "$(TARGET_NAME)";
				SWIFT_EMIT_LOC_STRINGS = YES;
				SWIFT_VERSION = 5.0;
				TARGETED_DEVICE_FAMILY = "1,2";
			};
			name = Release;
		};
/* End XCBuildConfiguration section */

/* Begin XCConfigurationList section */
		B244E04F2970385700690A48 /* Build configuration list for PBXProject "MovieApp" */ = {
			isa = XCConfigurationList;
			buildConfigurations = (
				B244E0662970385A00690A48 /* Debug */,
				B244E0672970385A00690A48 /* Release */,
			);
			defaultConfigurationIsVisible = 0;
			defaultConfigurationName = Release;
		};
		B244E0682970385A00690A48 /* Build configuration list for PBXNativeTarget "MovieApp" */ = {
			isa = XCConfigurationList;
			buildConfigurations = (
				B244E0692970385A00690A48 /* Debug */,
				B244E06A2970385A00690A48 /* Release */,
			);
			defaultConfigurationIsVisible = 0;
			defaultConfigurationName = Release;
		};
/* End XCConfigurationList section */
	};
	rootObject = B244E04C2970385700690A48 /* Project object */;
}
